// !$*UTF8*$!
{
	archiveVersion = 1;
	classes = {
	};
	objectVersion = 56;
	objects = {

/* Begin PBXBuildFile section */
		992BE94929B138F6006157E3 /* Action_Classifier_SwiftUIApp.swift in Sources */ = {isa = PBXBuildFile; fileRef = 992BE94829B138F6006157E3 /* Action_Classifier_SwiftUIApp.swift */; };
		992BE94B29B138F6006157E3 /* ContentView.swift in Sources */ = {isa = PBXBuildFile; fileRef = 992BE94A29B138F6006157E3 /* ContentView.swift */; };
		992BE94D29B138F7006157E3 /* Assets.xcassets in Resources */ = {isa = PBXBuildFile; fileRef = 992BE94C29B138F7006157E3 /* Assets.xcassets */; };
		992BE95029B138F7006157E3 /* Preview Assets.xcassets in Resources */ = {isa = PBXBuildFile; fileRef = 992BE94F29B138F7006157E3 /* Preview Assets.xcassets */; };
		992BE95829B13A0B006157E3 /* VideoProcessingChain.swift in Sources */ = {isa = PBXBuildFile; fileRef = 992BE95729B13A0B006157E3 /* VideoProcessingChain.swift */; };
		992BE95F29B13A2A006157E3 /* VideoCapture.swift in Sources */ = {isa = PBXBuildFile; fileRef = 992BE95B29B13A2A006157E3 /* VideoCapture.swift */; };
		992BE96029B13A2A006157E3 /* AVCaptureDeviceInput+Camera.swift in Sources */ = {isa = PBXBuildFile; fileRef = 992BE95C29B13A2A006157E3 /* AVCaptureDeviceInput+Camera.swift */; };
		992BE96129B13A2A006157E3 /* AVCaptureDevice+FrameRate.swift in Sources */ = {isa = PBXBuildFile; fileRef = 992BE95D29B13A2A006157E3 /* AVCaptureDevice+FrameRate.swift */; };
		992BE96229B13A2A006157E3 /* AVCaptureVideoDataOutput+PixelFormat.swift in Sources */ = {isa = PBXBuildFile; fileRef = 992BE95E29B13A2A006157E3 /* AVCaptureVideoDataOutput+PixelFormat.swift */; };
		992BE96529B13AE9006157E3 /* PredictionViewModel.swift in Sources */ = {isa = PBXBuildFile; fileRef = 992BE96429B13AE9006157E3 /* PredictionViewModel.swift */; };
		992BE96729B13B9A006157E3 /* ExerciseClassifier.mlmodel in Sources */ = {isa = PBXBuildFile; fileRef = 992BE96629B13B9A006157E3 /* ExerciseClassifier.mlmodel */; };
		992BE96D29B13BBB006157E3 /* Pose+Landmark.swift in Sources */ = {isa = PBXBuildFile; fileRef = 992BE96929B13BBB006157E3 /* Pose+Landmark.swift */; };
		992BE96E29B13BBB006157E3 /* Pose.swift in Sources */ = {isa = PBXBuildFile; fileRef = 992BE96A29B13BBB006157E3 /* Pose.swift */; };
		992BE96F29B13BBB006157E3 /* Pose+Connection.swift in Sources */ = {isa = PBXBuildFile; fileRef = 992BE96B29B13BBB006157E3 /* Pose+Connection.swift */; };
		992BE97029B13BBB006157E3 /* Pose+Empty.swift in Sources */ = {isa = PBXBuildFile; fileRef = 992BE96C29B13BBB006157E3 /* Pose+Empty.swift */; };
		992BE97929B13C32006157E3 /* ExerciseClassifier+FrameRate.swift in Sources */ = {isa = PBXBuildFile; fileRef = 992BE97229B13C32006157E3 /* ExerciseClassifier+FrameRate.swift */; };
		992BE97A29B13C32006157E3 /* ExerciseClassifier+LabelCheck.swift in Sources */ = {isa = PBXBuildFile; fileRef = 992BE97329B13C32006157E3 /* ExerciseClassifier+LabelCheck.swift */; };
		992BE97B29B13C32006157E3 /* ActionPrediction.swift in Sources */ = {isa = PBXBuildFile; fileRef = 992BE97429B13C32006157E3 /* ActionPrediction.swift */; };
		992BE97C29B13C32006157E3 /* ExerciseClassifier+Label.swift in Sources */ = {isa = PBXBuildFile; fileRef = 992BE97529B13C32006157E3 /* ExerciseClassifier+Label.swift */; };
		992BE97D29B13C32006157E3 /* ExerciseClassifier+PredictAction.swift in Sources */ = {isa = PBXBuildFile; fileRef = 992BE97629B13C32006157E3 /* ExerciseClassifier+PredictAction.swift */; };
		992BE97E29B13C32006157E3 /* ExerciseClassifier+Singleton.swift in Sources */ = {isa = PBXBuildFile; fileRef = 992BE97729B13C32006157E3 /* ExerciseClassifier+Singleton.swift */; };
/* End PBXBuildFile section */

/* Begin PBXFileReference section */
		992BE94529B138F6006157E3 /* Action Classifier SwiftUI.app */ = {isa = PBXFileReference; explicitFileType = wrapper.application; includeInIndex = 0; path = "Action Classifier SwiftUI.app"; sourceTree = BUILT_PRODUCTS_DIR; };
		992BE94829B138F6006157E3 /* Action_Classifier_SwiftUIApp.swift */ = {isa = PBXFileReference; lastKnownFileType = sourcecode.swift; path = Action_Classifier_SwiftUIApp.swift; sourceTree = "<group>"; };
		992BE94A29B138F6006157E3 /* ContentView.swift */ = {isa = PBXFileReference; lastKnownFileType = sourcecode.swift; path = ContentView.swift; sourceTree = "<group>"; };
		992BE94C29B138F7006157E3 /* Assets.xcassets */ = {isa = PBXFileReference; lastKnownFileType = folder.assetcatalog; path = Assets.xcassets; sourceTree = "<group>"; };
		992BE94F29B138F7006157E3 /* Preview Assets.xcassets */ = {isa = PBXFileReference; lastKnownFileType = folder.assetcatalog; path = "Preview Assets.xcassets"; sourceTree = "<group>"; };
		992BE95729B13A0B006157E3 /* VideoProcessingChain.swift */ = {isa = PBXFileReference; fileEncoding = 4; lastKnownFileType = sourcecode.swift; path = VideoProcessingChain.swift; sourceTree = "<group>"; };
		992BE95B29B13A2A006157E3 /* VideoCapture.swift */ = {isa = PBXFileReference; fileEncoding = 4; lastKnownFileType = sourcecode.swift; path = VideoCapture.swift; sourceTree = "<group>"; };
		992BE95C29B13A2A006157E3 /* AVCaptureDeviceInput+Camera.swift */ = {isa = PBXFileReference; fileEncoding = 4; lastKnownFileType = sourcecode.swift; path = "AVCaptureDeviceInput+Camera.swift"; sourceTree = "<group>"; };
		992BE95D29B13A2A006157E3 /* AVCaptureDevice+FrameRate.swift */ = {isa = PBXFileReference; fileEncoding = 4; lastKnownFileType = sourcecode.swift; path = "AVCaptureDevice+FrameRate.swift"; sourceTree = "<group>"; };
		992BE95E29B13A2A006157E3 /* AVCaptureVideoDataOutput+PixelFormat.swift */ = {isa = PBXFileReference; fileEncoding = 4; lastKnownFileType = sourcecode.swift; path = "AVCaptureVideoDataOutput+PixelFormat.swift"; sourceTree = "<group>"; };
		992BE96429B13AE9006157E3 /* PredictionViewModel.swift */ = {isa = PBXFileReference; lastKnownFileType = sourcecode.swift; path = PredictionViewModel.swift; sourceTree = "<group>"; };
		992BE96629B13B9A006157E3 /* ExerciseClassifier.mlmodel */ = {isa = PBXFileReference; lastKnownFileType = file.mlmodel; path = ExerciseClassifier.mlmodel; sourceTree = "<group>"; };
		992BE96929B13BBB006157E3 /* Pose+Landmark.swift */ = {isa = PBXFileReference; fileEncoding = 4; lastKnownFileType = sourcecode.swift; path = "Pose+Landmark.swift"; sourceTree = "<group>"; };
		992BE96A29B13BBB006157E3 /* Pose.swift */ = {isa = PBXFileReference; fileEncoding = 4; lastKnownFileType = sourcecode.swift; path = Pose.swift; sourceTree = "<group>"; };
		992BE96B29B13BBB006157E3 /* Pose+Connection.swift */ = {isa = PBXFileReference; fileEncoding = 4; lastKnownFileType = sourcecode.swift; path = "Pose+Connection.swift"; sourceTree = "<group>"; };
		992BE96C29B13BBB006157E3 /* Pose+Empty.swift */ = {isa = PBXFileReference; fileEncoding = 4; lastKnownFileType = sourcecode.swift; path = "Pose+Empty.swift"; sourceTree = "<group>"; };
		992BE97229B13C32006157E3 /* ExerciseClassifier+FrameRate.swift */ = {isa = PBXFileReference; fileEncoding = 4; lastKnownFileType = sourcecode.swift; path = "ExerciseClassifier+FrameRate.swift"; sourceTree = "<group>"; };
		992BE97329B13C32006157E3 /* ExerciseClassifier+LabelCheck.swift */ = {isa = PBXFileReference; fileEncoding = 4; lastKnownFileType = sourcecode.swift; path = "ExerciseClassifier+LabelCheck.swift"; sourceTree = "<group>"; };
		992BE97429B13C32006157E3 /* ActionPrediction.swift */ = {isa = PBXFileReference; fileEncoding = 4; lastKnownFileType = sourcecode.swift; path = ActionPrediction.swift; sourceTree = "<group>"; };
		992BE97529B13C32006157E3 /* ExerciseClassifier+Label.swift */ = {isa = PBXFileReference; fileEncoding = 4; lastKnownFileType = sourcecode.swift; path = "ExerciseClassifier+Label.swift"; sourceTree = "<group>"; };
		992BE97629B13C32006157E3 /* ExerciseClassifier+PredictAction.swift */ = {isa = PBXFileReference; fileEncoding = 4; lastKnownFileType = sourcecode.swift; path = "ExerciseClassifier+PredictAction.swift"; sourceTree = "<group>"; };
		992BE97729B13C32006157E3 /* ExerciseClassifier+Singleton.swift */ = {isa = PBXFileReference; fileEncoding = 4; lastKnownFileType = sourcecode.swift; path = "ExerciseClassifier+Singleton.swift"; sourceTree = "<group>"; };
/* End PBXFileReference section */

/* Begin PBXFrameworksBuildPhase section */
		992BE94229B138F6006157E3 /* Frameworks */ = {
			isa = PBXFrameworksBuildPhase;
			buildActionMask = 2147483647;
			files = (
			);
			runOnlyForDeploymentPostprocessing = 0;
		};
/* End PBXFrameworksBuildPhase section */

/* Begin PBXGroup section */
		992BE93C29B138F6006157E3 = {
			isa = PBXGroup;
			children = (
				992BE94729B138F6006157E3 /* Action Classifier SwiftUI */,
				992BE94629B138F6006157E3 /* Products */,
			);
			sourceTree = "<group>";
		};
		992BE94629B138F6006157E3 /* Products */ = {
			isa = PBXGroup;
			children = (
				992BE94529B138F6006157E3 /* Action Classifier SwiftUI.app */,
			);
			name = Products;
			sourceTree = "<group>";
		};
		992BE94729B138F6006157E3 /* Action Classifier SwiftUI */ = {
			isa = PBXGroup;
			children = (
				992BE94829B138F6006157E3 /* Action_Classifier_SwiftUIApp.swift */,
				992BE96629B13B9A006157E3 /* ExerciseClassifier.mlmodel */,
				992BE95929B13A10006157E3 /* Views */,
				992BE96329B13AD0006157E3 /* ViewModel */,
				992BE96829B13BBB006157E3 /* Pose */,
				992BE95629B13A0B006157E3 /* Video Processing Chain */,
				992BE95A29B13A2A006157E3 /* Video Capture */,
				992BE97129B13C32006157E3 /* Action Classifier */,
				992BE94C29B138F7006157E3 /* Assets.xcassets */,
				992BE94E29B138F7006157E3 /* Preview Content */,
			);
			path = "Action Classifier SwiftUI";
			sourceTree = "<group>";
		};
		992BE94E29B138F7006157E3 /* Preview Content */ = {
			isa = PBXGroup;
			children = (
				992BE94F29B138F7006157E3 /* Preview Assets.xcassets */,
			);
			path = "Preview Content";
			sourceTree = "<group>";
		};
		992BE95629B13A0B006157E3 /* Video Processing Chain */ = {
			isa = PBXGroup;
			children = (
				992BE95729B13A0B006157E3 /* VideoProcessingChain.swift */,
			);
			path = "Video Processing Chain";
			sourceTree = "<group>";
		};
		992BE95929B13A10006157E3 /* Views */ = {
			isa = PBXGroup;
			children = (
				992BE94A29B138F6006157E3 /* ContentView.swift */,
			);
			path = Views;
			sourceTree = "<group>";
		};
		992BE95A29B13A2A006157E3 /* Video Capture */ = {
			isa = PBXGroup;
			children = (
				992BE95B29B13A2A006157E3 /* VideoCapture.swift */,
				992BE95C29B13A2A006157E3 /* AVCaptureDeviceInput+Camera.swift */,
				992BE95D29B13A2A006157E3 /* AVCaptureDevice+FrameRate.swift */,
				992BE95E29B13A2A006157E3 /* AVCaptureVideoDataOutput+PixelFormat.swift */,
			);
			path = "Video Capture";
			sourceTree = "<group>";
		};
		992BE96329B13AD0006157E3 /* ViewModel */ = {
			isa = PBXGroup;
			children = (
				992BE96429B13AE9006157E3 /* PredictionViewModel.swift */,
			);
			path = ViewModel;
			sourceTree = "<group>";
		};
		992BE96829B13BBB006157E3 /* Pose */ = {
			isa = PBXGroup;
			children = (
				992BE96929B13BBB006157E3 /* Pose+Landmark.swift */,
				992BE96A29B13BBB006157E3 /* Pose.swift */,
				992BE96B29B13BBB006157E3 /* Pose+Connection.swift */,
				992BE96C29B13BBB006157E3 /* Pose+Empty.swift */,
			);
			path = Pose;
			sourceTree = "<group>";
		};
		992BE97129B13C32006157E3 /* Action Classifier */ = {
			isa = PBXGroup;
			children = (
				992BE97229B13C32006157E3 /* ExerciseClassifier+FrameRate.swift */,
				992BE97329B13C32006157E3 /* ExerciseClassifier+LabelCheck.swift */,
				992BE97429B13C32006157E3 /* ActionPrediction.swift */,
				992BE97529B13C32006157E3 /* ExerciseClassifier+Label.swift */,
				992BE97629B13C32006157E3 /* ExerciseClassifier+PredictAction.swift */,
				992BE97729B13C32006157E3 /* ExerciseClassifier+Singleton.swift */,
			);
			path = "Action Classifier";
			sourceTree = "<group>";
		};
/* End PBXGroup section */

/* Begin PBXNativeTarget section */
		992BE94429B138F6006157E3 /* Action Classifier SwiftUI */ = {
			isa = PBXNativeTarget;
			buildConfigurationList = 992BE95329B138F7006157E3 /* Build configuration list for PBXNativeTarget "Action Classifier SwiftUI" */;
			buildPhases = (
				992BE94129B138F6006157E3 /* Sources */,
				992BE94229B138F6006157E3 /* Frameworks */,
				992BE94329B138F6006157E3 /* Resources */,
			);
			buildRules = (
			);
			dependencies = (
			);
			name = "Action Classifier SwiftUI";
			productName = "Action Classifier SwiftUI";
			productReference = 992BE94529B138F6006157E3 /* Action Classifier SwiftUI.app */;
			productType = "com.apple.product-type.application";
		};
/* End PBXNativeTarget section */

/* Begin PBXProject section */
		992BE93D29B138F6006157E3 /* Project object */ = {
			isa = PBXProject;
			attributes = {
				BuildIndependentTargetsInParallel = 1;
				LastSwiftUpdateCheck = 1410;
				LastUpgradeCheck = 1410;
				TargetAttributes = {
					992BE94429B138F6006157E3 = {
						CreatedOnToolsVersion = 14.1;
					};
				};
			};
			buildConfigurationList = 992BE94029B138F6006157E3 /* Build configuration list for PBXProject "Action Classifier SwiftUI" */;
			compatibilityVersion = "Xcode 14.0";
			developmentRegion = en;
			hasScannedForEncodings = 0;
			knownRegions = (
				en,
				Base,
			);
			mainGroup = 992BE93C29B138F6006157E3;
			productRefGroup = 992BE94629B138F6006157E3 /* Products */;
			projectDirPath = "";
			projectRoot = "";
			targets = (
				992BE94429B138F6006157E3 /* Action Classifier SwiftUI */,
			);
		};
/* End PBXProject section */

/* Begin PBXResourcesBuildPhase section */
		992BE94329B138F6006157E3 /* Resources */ = {
			isa = PBXResourcesBuildPhase;
			buildActionMask = 2147483647;
			files = (
				992BE95029B138F7006157E3 /* Preview Assets.xcassets in Resources */,
				992BE94D29B138F7006157E3 /* Assets.xcassets in Resources */,
			);
			runOnlyForDeploymentPostprocessing = 0;
		};
/* End PBXResourcesBuildPhase section */

/* Begin PBXSourcesBuildPhase section */
		992BE94129B138F6006157E3 /* Sources */ = {
			isa = PBXSourcesBuildPhase;
			buildActionMask = 2147483647;
			files = (
				992BE97B29B13C32006157E3 /* ActionPrediction.swift in Sources */,
				992BE97929B13C32006157E3 /* ExerciseClassifier+FrameRate.swift in Sources */,
				992BE95F29B13A2A006157E3 /* VideoCapture.swift in Sources */,
				992BE96529B13AE9006157E3 /* PredictionViewModel.swift in Sources */,
				992BE96029B13A2A006157E3 /* AVCaptureDeviceInput+Camera.swift in Sources */,
				992BE94B29B138F6006157E3 /* ContentView.swift in Sources */,
				992BE97E29B13C32006157E3 /* ExerciseClassifier+Singleton.swift in Sources */,
				992BE97A29B13C32006157E3 /* ExerciseClassifier+LabelCheck.swift in Sources */,
				992BE97029B13BBB006157E3 /* Pose+Empty.swift in Sources */,
				992BE95829B13A0B006157E3 /* VideoProcessingChain.swift in Sources */,
				992BE94929B138F6006157E3 /* Action_Classifier_SwiftUIApp.swift in Sources */,
				992BE96129B13A2A006157E3 /* AVCaptureDevice+FrameRate.swift in Sources */,
				992BE96729B13B9A006157E3 /* ExerciseClassifier.mlmodel in Sources */,
				992BE97D29B13C32006157E3 /* ExerciseClassifier+PredictAction.swift in Sources */,
				992BE96E29B13BBB006157E3 /* Pose.swift in Sources */,
				992BE96D29B13BBB006157E3 /* Pose+Landmark.swift in Sources */,
				992BE96F29B13BBB006157E3 /* Pose+Connection.swift in Sources */,
				992BE97C29B13C32006157E3 /* ExerciseClassifier+Label.swift in Sources */,
				992BE96229B13A2A006157E3 /* AVCaptureVideoDataOutput+PixelFormat.swift in Sources */,
			);
			runOnlyForDeploymentPostprocessing = 0;
		};
/* End PBXSourcesBuildPhase section */

/* Begin XCBuildConfiguration section */
		992BE95129B138F7006157E3 /* Debug */ = {
			isa = XCBuildConfiguration;
			buildSettings = {
				ALWAYS_SEARCH_USER_PATHS = NO;
				CLANG_ANALYZER_NONNULL = YES;
				CLANG_ANALYZER_NUMBER_OBJECT_CONVERSION = YES_AGGRESSIVE;
				CLANG_CXX_LANGUAGE_STANDARD = "gnu++20";
				CLANG_ENABLE_MODULES = YES;
				CLANG_ENABLE_OBJC_ARC = YES;
				CLANG_ENABLE_OBJC_WEAK = YES;
				CLANG_WARN_BLOCK_CAPTURE_AUTORELEASING = YES;
				CLANG_WARN_BOOL_CONVERSION = YES;
				CLANG_WARN_COMMA = YES;
				CLANG_WARN_CONSTANT_CONVERSION = YES;
				CLANG_WARN_DEPRECATED_OBJC_IMPLEMENTATIONS = YES;
				CLANG_WARN_DIRECT_OBJC_ISA_USAGE = YES_ERROR;
				CLANG_WARN_DOCUMENTATION_COMMENTS = YES;
				CLANG_WARN_EMPTY_BODY = YES;
				CLANG_WARN_ENUM_CONVERSION = YES;
				CLANG_WARN_INFINITE_RECURSION = YES;
				CLANG_WARN_INT_CONVERSION = YES;
				CLANG_WARN_NON_LITERAL_NULL_CONVERSION = YES;
				CLANG_WARN_OBJC_IMPLICIT_RETAIN_SELF = YES;
				CLANG_WARN_OBJC_LITERAL_CONVERSION = YES;
				CLANG_WARN_OBJC_ROOT_CLASS = YES_ERROR;
				CLANG_WARN_QUOTED_INCLUDE_IN_FRAMEWORK_HEADER = YES;
				CLANG_WARN_RANGE_LOOP_ANALYSIS = YES;
				CLANG_WARN_STRICT_PROTOTYPES = YES;
				CLANG_WARN_SUSPICIOUS_MOVE = YES;
				CLANG_WARN_UNGUARDED_AVAILABILITY = YES_AGGRESSIVE;
				CLANG_WARN_UNREACHABLE_CODE = YES;
				CLANG_WARN__DUPLICATE_METHOD_MATCH = YES;
				COPY_PHASE_STRIP = NO;
				DEBUG_INFORMATION_FORMAT = dwarf;
				ENABLE_STRICT_OBJC_MSGSEND = YES;
				ENABLE_TESTABILITY = YES;
				GCC_C_LANGUAGE_STANDARD = gnu11;
				GCC_DYNAMIC_NO_PIC = NO;
				GCC_NO_COMMON_BLOCKS = YES;
				GCC_OPTIMIZATION_LEVEL = 0;
				GCC_PREPROCESSOR_DEFINITIONS = (
					"DEBUG=1",
					"$(inherited)",
				);
				GCC_WARN_64_TO_32_BIT_CONVERSION = YES;
				GCC_WARN_ABOUT_RETURN_TYPE = YES_ERROR;
				GCC_WARN_UNDECLARED_SELECTOR = YES;
				GCC_WARN_UNINITIALIZED_AUTOS = YES_AGGRESSIVE;
				GCC_WARN_UNUSED_FUNCTION = YES;
				GCC_WARN_UNUSED_VARIABLE = YES;
				IPHONEOS_DEPLOYMENT_TARGET = 16.1;
				MTL_ENABLE_DEBUG_INFO = INCLUDE_SOURCE;
				MTL_FAST_MATH = YES;
				ONLY_ACTIVE_ARCH = YES;
				SDKROOT = iphoneos;
				SWIFT_ACTIVE_COMPILATION_CONDITIONS = DEBUG;
				SWIFT_OPTIMIZATION_LEVEL = "-Onone";
			};
			name = Debug;
		};
		992BE95229B138F7006157E3 /* Release */ = {
			isa = XCBuildConfiguration;
			buildSettings = {
				ALWAYS_SEARCH_USER_PATHS = NO;
				CLANG_ANALYZER_NONNULL = YES;
				CLANG_ANALYZER_NUMBER_OBJECT_CONVERSION = YES_AGGRESSIVE;
				CLANG_CXX_LANGUAGE_STANDARD = "gnu++20";
				CLANG_ENABLE_MODULES = YES;
				CLANG_ENABLE_OBJC_ARC = YES;
				CLANG_ENABLE_OBJC_WEAK = YES;
				CLANG_WARN_BLOCK_CAPTURE_AUTORELEASING = YES;
				CLANG_WARN_BOOL_CONVERSION = YES;
				CLANG_WARN_COMMA = YES;
				CLANG_WARN_CONSTANT_CONVERSION = YES;
				CLANG_WARN_DEPRECATED_OBJC_IMPLEMENTATIONS = YES;
				CLANG_WARN_DIRECT_OBJC_ISA_USAGE = YES_ERROR;
				CLANG_WARN_DOCUMENTATION_COMMENTS = YES;
				CLANG_WARN_EMPTY_BODY = YES;
				CLANG_WARN_ENUM_CONVERSION = YES;
				CLANG_WARN_INFINITE_RECURSION = YES;
				CLANG_WARN_INT_CONVERSION = YES;
				CLANG_WARN_NON_LITERAL_NULL_CONVERSION = YES;
				CLANG_WARN_OBJC_IMPLICIT_RETAIN_SELF = YES;
				CLANG_WARN_OBJC_LITERAL_CONVERSION = YES;
				CLANG_WARN_OBJC_ROOT_CLASS = YES_ERROR;
				CLANG_WARN_QUOTED_INCLUDE_IN_FRAMEWORK_HEADER = YES;
				CLANG_WARN_RANGE_LOOP_ANALYSIS = YES;
				CLANG_WARN_STRICT_PROTOTYPES = YES;
				CLANG_WARN_SUSPICIOUS_MOVE = YES;
				CLANG_WARN_UNGUARDED_AVAILABILITY = YES_AGGRESSIVE;
				CLANG_WARN_UNREACHABLE_CODE = YES;
				CLANG_WARN__DUPLICATE_METHOD_MATCH = YES;
				COPY_PHASE_STRIP = NO;
				DEBUG_INFORMATION_FORMAT = "dwarf-with-dsym";
				ENABLE_NS_ASSERTIONS = NO;
				ENABLE_STRICT_OBJC_MSGSEND = YES;
				GCC_C_LANGUAGE_STANDARD = gnu11;
				GCC_NO_COMMON_BLOCKS = YES;
				GCC_WARN_64_TO_32_BIT_CONVERSION = YES;
				GCC_WARN_ABOUT_RETURN_TYPE = YES_ERROR;
				GCC_WARN_UNDECLARED_SELECTOR = YES;
				GCC_WARN_UNINITIALIZED_AUTOS = YES_AGGRESSIVE;
				GCC_WARN_UNUSED_FUNCTION = YES;
				GCC_WARN_UNUSED_VARIABLE = YES;
				IPHONEOS_DEPLOYMENT_TARGET = 16.1;
				MTL_ENABLE_DEBUG_INFO = NO;
				MTL_FAST_MATH = YES;
				SDKROOT = iphoneos;
				SWIFT_COMPILATION_MODE = wholemodule;
				SWIFT_OPTIMIZATION_LEVEL = "-O";
				VALIDATE_PRODUCT = YES;
			};
			name = Release;
		};
		992BE95429B138F7006157E3 /* Debug */ = {
			isa = XCBuildConfiguration;
			buildSettings = {
				ASSETCATALOG_COMPILER_APPICON_NAME = AppIcon;
				ASSETCATALOG_COMPILER_GLOBAL_ACCENT_COLOR_NAME = AccentColor;
				CODE_SIGN_STYLE = Automatic;
				CURRENT_PROJECT_VERSION = 1;
				DEVELOPMENT_ASSET_PATHS = "\"Action Classifier SwiftUI/Preview Content\"";
				DEVELOPMENT_TEAM = 5QJLL8HM6C;
				ENABLE_PREVIEWS = YES;
				GENERATE_INFOPLIST_FILE = YES;
				INFOPLIST_KEY_NSCameraUsageDescription = "For detect your body position...";
				INFOPLIST_KEY_UIApplicationSceneManifest_Generation = YES;
				INFOPLIST_KEY_UIApplicationSupportsIndirectInputEvents = YES;
				INFOPLIST_KEY_UILaunchScreen_Generation = YES;
				INFOPLIST_KEY_UISupportedInterfaceOrientations_iPad = "UIInterfaceOrientationPortrait UIInterfaceOrientationPortraitUpsideDown UIInterfaceOrientationLandscapeLeft UIInterfaceOrientationLandscapeRight";
				INFOPLIST_KEY_UISupportedInterfaceOrientations_iPhone = "UIInterfaceOrientationPortrait UIInterfaceOrientationLandscapeLeft UIInterfaceOrientationLandscapeRight";
				LD_RUNPATH_SEARCH_PATHS = (
					"$(inherited)",
					"@executable_path/Frameworks",
				);
				MARKETING_VERSION = 1.0;
				PRODUCT_BUNDLE_IDENTIFIER = "com.imaginaryinstitute.Action-Classifier-SwiftUI";
				PRODUCT_NAME = "$(TARGET_NAME)";
				SWIFT_EMIT_LOC_STRINGS = YES;
				SWIFT_VERSION = 5.0;
				TARGETED_DEVICE_FAMILY = "1,2";
			};
			name = Debug;
		};
		992BE95529B138F7006157E3 /* Release */ = {
			isa = XCBuildConfiguration;
			buildSettings = {
				ASSETCATALOG_COMPILER_APPICON_NAME = AppIcon;
				ASSETCATALOG_COMPILER_GLOBAL_ACCENT_COLOR_NAME = AccentColor;
				CODE_SIGN_STYLE = Automatic;
				CURRENT_PROJECT_VERSION = 1;
				DEVELOPMENT_ASSET_PATHS = "\"Action Classifier SwiftUI/Preview Content\"";
				DEVELOPMENT_TEAM = 5QJLL8HM6C;
				ENABLE_PREVIEWS = YES;
				GENERATE_INFOPLIST_FILE = YES;
				INFOPLIST_KEY_NSCameraUsageDescription = "For detect your body position...";
				INFOPLIST_KEY_UIApplicationSceneManifest_Generation = YES;
				INFOPLIST_KEY_UIApplicationSupportsIndirectInputEvents = YES;
				INFOPLIST_KEY_UILaunchScreen_Generation = YES;
				INFOPLIST_KEY_UISupportedInterfaceOrientations_iPad = "UIInterfaceOrientationPortrait UIInterfaceOrientationPortraitUpsideDown UIInterfaceOrientationLandscapeLeft UIInterfaceOrientationLandscapeRight";
				INFOPLIST_KEY_UISupportedInterfaceOrientations_iPhone = "UIInterfaceOrientationPortrait UIInterfaceOrientationLandscapeLeft UIInterfaceOrientationLandscapeRight";
				LD_RUNPATH_SEARCH_PATHS = (
					"$(inherited)",
					"@executable_path/Frameworks",
				);
				MARKETING_VERSION = 1.0;
				PRODUCT_BUNDLE_IDENTIFIER = "com.imaginaryinstitute.Action-Classifier-SwiftUI";
				PRODUCT_NAME = "$(TARGET_NAME)";
				SWIFT_EMIT_LOC_STRINGS = YES;
				SWIFT_VERSION = 5.0;
				TARGETED_DEVICE_FAMILY = "1,2";
			};
			name = Release;
		};
/* End XCBuildConfiguration section */

/* Begin XCConfigurationList section */
		992BE94029B138F6006157E3 /* Build configuration list for PBXProject "Action Classifier SwiftUI" */ = {
			isa = XCConfigurationList;
			buildConfigurations = (
				992BE95129B138F7006157E3 /* Debug */,
				992BE95229B138F7006157E3 /* Release */,
			);
			defaultConfigurationIsVisible = 0;
			defaultConfigurationName = Release;
		};
		992BE95329B138F7006157E3 /* Build configuration list for PBXNativeTarget "Action Classifier SwiftUI" */ = {
			isa = XCConfigurationList;
			buildConfigurations = (
				992BE95429B138F7006157E3 /* Debug */,
				992BE95529B138F7006157E3 /* Release */,
			);
			defaultConfigurationIsVisible = 0;
			defaultConfigurationName = Release;
		};
/* End XCConfigurationList section */
	};
	rootObject = 992BE93D29B138F6006157E3 /* Project object */;
}
